
Microsoft Visual Studio Solution File, Format Version 10.00
# Visual C++ Express 2008
Project("{8BC9CEB8-8B4A-11D0-8D11-00A0C91BC942}") = "xinput", "xinput.vcproj", "{628230F0-FD85-476D-90E1-6DA2BB4B7921}"
EndProject
Global
	GlobalSection(SolutionConfigurationPlatforms) = preSolution
		Debug|Win32 = Debug|Win32
		Release|Win32 = Release|Win32
	EndGlobalSection
	GlobalSection(ProjectConfigurationPlatforms) = postSolution
		{628230F0-FD85-476D-90E1-6DA2BB4B7921}.Debug|Win32.ActiveCfg = Release|Win32
		{628230F0-FD85-476D-90E1-6DA2BB4B7921}.Debug|Win32.Build.0 = Release|Win32
		{628230F0-FD85-476D-90E1-6DA2BB4B7921}.Release|Win32.ActiveCfg = Release|Win32
		{628230F0-FD85-476D-90E1-6DA2BB4B7921}.Release|Win32.Build.0 = Release|Win32
	EndGlobalSection
	GlobalSection(SolutionProperties) = preSolution
		HideSolutionNode = FALSE
	EndGlobalSection
EndGlobal
